# This file is automatically @generated by Cargo.
# It is not intended for manual editing.
version = 4

[[package]]
name = "xengine"
version = "0.1.0"
dependencies = [
 "xengine-core",
]

[[package]]
name = "xengine-core"
version = "0.1.0"
dependencies = [
 "xengine-math",
]

[[package]]
name = "xengine-math"
version = "0.1.0"
